
Microsoft Visual Studio Solution File, Format Version 12.00
# Visual Studio Version 17
VisualStudioVersion = 17.0.31903.59
MinimumVisualStudioVersion = 10.0.40219.1
Project("{FAE04EC0-301F-11D3-BF4B-00C04F79EFBC}") = "API", "API\API.csproj", "{71F8CF34-3011-418A-AB23-EFEDCA734AC3}"
EndProject
Project("{FAE04EC0-301F-11D3-BF4B-00C04F79EFBC}") = "Core", "Core\Core.csproj", "{7913E748-6075-4EAA-933E-EDAB9805AE7D}"
EndProject
Project("{FAE04EC0-301F-11D3-BF4B-00C04F79EFBC}") = "Infrastructure", "Infrastructure\Infrastructure.csproj", "{BAD20F23-05BC-4208-8199-06881ECA102E}"
EndProject
Global
	GlobalSection(SolutionConfigurationPlatforms) = preSolution
		Debug|Any CPU = Debug|Any CPU
		Release|Any CPU = Release|Any CPU
	EndGlobalSection
	GlobalSection(SolutionProperties) = preSolution
		HideSolutionNode = FALSE
	EndGlobalSection
	GlobalSection(ProjectConfigurationPlatforms) = postSolution
		{71F8CF34-3011-418A-AB23-EFEDCA734AC3}.Debug|Any CPU.ActiveCfg = Debug|Any CPU
		{71F8CF34-3011-418A-AB23-EFEDCA734AC3}.Debug|Any CPU.Build.0 = Debug|Any CPU
		{71F8CF34-3011-418A-AB23-EFEDCA734AC3}.Release|Any CPU.ActiveCfg = Release|Any CPU
		{71F8CF34-3011-418A-AB23-EFEDCA734AC3}.Release|Any CPU.Build.0 = Release|Any CPU
		{7913E748-6075-4EAA-933E-EDAB9805AE7D}.Debug|Any CPU.ActiveCfg = Debug|Any CPU
		{7913E748-6075-4EAA-933E-EDAB9805AE7D}.Debug|Any CPU.Build.0 = Debug|Any CPU
		{7913E748-6075-4EAA-933E-EDAB9805AE7D}.Release|Any CPU.ActiveCfg = Release|Any CPU
		{7913E748-6075-4EAA-933E-EDAB9805AE7D}.Release|Any CPU.Build.0 = Release|Any CPU
		{BAD20F23-05BC-4208-8199-06881ECA102E}.Debug|Any CPU.ActiveCfg = Debug|Any CPU
		{BAD20F23-05BC-4208-8199-06881ECA102E}.Debug|Any CPU.Build.0 = Debug|Any CPU
		{BAD20F23-05BC-4208-8199-06881ECA102E}.Release|Any CPU.ActiveCfg = Release|Any CPU
		{BAD20F23-05BC-4208-8199-06881ECA102E}.Release|Any CPU.Build.0 = Release|Any CPU
	EndGlobalSection
EndGlobal
